
Microsoft Visual Studio Solution File, Format Version 12.00
# Visual Studio 2013
VisualStudioVersion = 12.0.30110.0
MinimumVisualStudioVersion = 10.0.40219.1
Project("{8BC9CEB8-8B4A-11D0-8D11-00A0C91BC942}") = "HelloWorld", "HelloWorld\HelloWorld.vcxproj", "{DC090454-A916-46F6-BDCA-4C73F8B242FF}"
EndProject
Project("{8BC9CEB8-8B4A-11D0-8D11-00A0C91BC942}") = "LEDCircuit", "LEDCircuit\LEDCircuit.vcxproj", "{17021739-38E9-4700-8591-3C906D2B1BDD}"
EndProject
Project("{8BC9CEB8-8B4A-11D0-8D11-00A0C91BC942}") = "PulseWidthModulation", "PulseWidthModulation\PulseWidthModulation.vcxproj", "{582ED639-63EE-4579-B36B-FCD5A154563C}"
EndProject
Project("{8BC9CEB8-8B4A-11D0-8D11-00A0C91BC942}") = "TriColorLED", "TriColorLED\TriColorLED.vcxproj", "{C3564FF8-E40A-480F-ACFE-5B50C8890B2E}"
EndProject
Global
	GlobalSection(SolutionConfigurationPlatforms) = preSolution
		Debug|Win32 = Debug|Win32
		Release|Win32 = Release|Win32
	EndGlobalSection
	GlobalSection(ProjectConfigurationPlatforms) = postSolution
		{DC090454-A916-46F6-BDCA-4C73F8B242FF}.Debug|Win32.ActiveCfg = Debug|Win32
		{DC090454-A916-46F6-BDCA-4C73F8B242FF}.Debug|Win32.Build.0 = Debug|Win32
		{DC090454-A916-46F6-BDCA-4C73F8B242FF}.Release|Win32.ActiveCfg = Release|Win32
		{DC090454-A916-46F6-BDCA-4C73F8B242FF}.Release|Win32.Build.0 = Release|Win32
		{17021739-38E9-4700-8591-3C906D2B1BDD}.Debug|Win32.ActiveCfg = Debug|Win32
		{17021739-38E9-4700-8591-3C906D2B1BDD}.Debug|Win32.Build.0 = Debug|Win32
		{17021739-38E9-4700-8591-3C906D2B1BDD}.Release|Win32.ActiveCfg = Release|Win32
		{17021739-38E9-4700-8591-3C906D2B1BDD}.Release|Win32.Build.0 = Release|Win32
		{582ED639-63EE-4579-B36B-FCD5A154563C}.Debug|Win32.ActiveCfg = Debug|Win32
		{582ED639-63EE-4579-B36B-FCD5A154563C}.Debug|Win32.Build.0 = Debug|Win32
		{582ED639-63EE-4579-B36B-FCD5A154563C}.Release|Win32.ActiveCfg = Release|Win32
		{582ED639-63EE-4579-B36B-FCD5A154563C}.Release|Win32.Build.0 = Release|Win32
		{C3564FF8-E40A-480F-ACFE-5B50C8890B2E}.Debug|Win32.ActiveCfg = Debug|Win32
		{C3564FF8-E40A-480F-ACFE-5B50C8890B2E}.Debug|Win32.Build.0 = Debug|Win32
		{C3564FF8-E40A-480F-ACFE-5B50C8890B2E}.Release|Win32.ActiveCfg = Release|Win32
		{C3564FF8-E40A-480F-ACFE-5B50C8890B2E}.Release|Win32.Build.0 = Release|Win32
	EndGlobalSection
	GlobalSection(SolutionProperties) = preSolution
		HideSolutionNode = FALSE
	EndGlobalSection
EndGlobal
